
Microsoft Visual Studio Solution File, Format Version 12.00
# Visual Studio Version 16
VisualStudioVersion = 16.0.30114.105
MinimumVisualStudioVersion = 10.0.40219.1
Project("{2150E333-8FDC-42A3-9474-1A3956D46DE8}") = "if stavki", "if stavki", "{27FFC95A-B59C-485C-BEF9-E1C5D0B7B09B}"
EndProject
Project("{FAE04EC0-301F-11D3-BF4B-00C04F79EFBC}") = "Vaja1", "if stavki\Vaja1\Vaja1.csproj", "{CAAFCF86-718B-4D5E-82A8-8A7ECFF30C23}"
EndProject
Project("{FAE04EC0-301F-11D3-BF4B-00C04F79EFBC}") = "Vaja2", "if stavki\Vaja2\Vaja2.csproj", "{980FD85B-D9C5-4E3C-9E4F-E55D6F471228}"
EndProject
Project("{FAE04EC0-301F-11D3-BF4B-00C04F79EFBC}") = "Vaja3", "if stavki\Vaja3\Vaja3.csproj", "{06673108-129C-4293-87E2-CA60A70977D6}"
EndProject
Project("{FAE04EC0-301F-11D3-BF4B-00C04F79EFBC}") = "Vaja4", "if stavki\Vaja4\Vaja4.csproj", "{3EEDFACC-DED1-4C4D-8DF7-EEA2AF8205A4}"
EndProject
Project("{FAE04EC0-301F-11D3-BF4B-00C04F79EFBC}") = "Vaja5", "if stavki\Vaja5\Vaja5.csproj", "{B117EC40-0A38-4810-A86C-759343BA2C2C}"
EndProject
Project("{2150E333-8FDC-42A3-9474-1A3956D46DE8}") = "Metode", "Metode", "{F4B19929-6649-4818-84E8-65B8B714BD91}"
EndProject
Project("{FAE04EC0-301F-11D3-BF4B-00C04F79EFBC}") = "Vaja 1 Metoda", "Metode\Vaja 1 Metoda\Vaja 1 Metoda.csproj", "{48F7ECF8-F6F5-4DCA-8EFD-8F94091CAFF2}"
EndProject
Project("{FAE04EC0-301F-11D3-BF4B-00C04F79EFBC}") = "Vaja2 Ocene", "Metode\Vaja2 Ocene\Vaja2 Ocene.csproj", "{F1B75513-A059-4B03-ABC7-16265659C24B}"
EndProject
Project("{2150E333-8FDC-42A3-9474-1A3956D46DE8}") = "Orodja", "Orodja", "{D6FD3E7D-5E56-41B1-B796-3FF44402001C}"
EndProject
Project("{FAE04EC0-301F-11D3-BF4B-00C04F79EFBC}") = "Vaja 1 Random", "Orodja\Vaja 1 Random\Vaja 1 Random.csproj", "{95477EB7-ADA3-410A-BB70-63FEB80821B5}"
EndProject
Project("{FAE04EC0-301F-11D3-BF4B-00C04F79EFBC}") = "Vaja 2 Random", "Orodja\Vaja 2 Random\Vaja 2 Random.csproj", "{D46E6507-6531-470E-9094-6357267B46EB}"
EndProject
Project("{FAE04EC0-301F-11D3-BF4B-00C04F79EFBC}") = "Vaja try catch", "Orodja\Vaja try catch\Vaja try catch.csproj", "{2D4D8633-B6D2-4E05-B5B6-44311CE6074F}"
EndProject
Project("{FAE04EC0-301F-11D3-BF4B-00C04F79EFBC}") = "Vaja znak", "Orodja\Vaja znak\Vaja znak.csproj", "{0FF287C2-14B9-455E-8848-907030665D49}"
EndProject
Project("{2150E333-8FDC-42A3-9474-1A3956D46DE8}") = "Tabele", "Tabele", "{2F219AE7-9E6D-478E-B3B3-1CA9823176FC}"
EndProject
Project("{FAE04EC0-301F-11D3-BF4B-00C04F79EFBC}") = "Vaja 1 Tabela", "Tabele\Vaja 1 Tabela\Vaja 1 Tabela.csproj", "{75E77160-AF9A-41E1-829E-659343DD25BD}"
EndProject
Project("{FAE04EC0-301F-11D3-BF4B-00C04F79EFBC}") = "Vaja 2 Tabela", "Tabele\Vaja 2 Tabela\Vaja 2 Tabela.csproj", "{E38BCF51-21AA-4B8F-B106-39C6521B99EF}"
EndProject
Project("{FAE04EC0-301F-11D3-BF4B-00C04F79EFBC}") = "Vaja 3 2d tabela", "Tabele\Vaja 3 2d tabela\Vaja 3 2d tabela.csproj", "{CDC850C1-7460-43AE-BEF6-F87CBFFBE0CC}"
EndProject
Project("{FAE04EC0-301F-11D3-BF4B-00C04F79EFBC}") = "Vaja 4 tabela", "Tabele\Vaja 4 tabela\Vaja 4 tabela.csproj", "{535E51E4-28B1-4FBE-BA89-D1E95B0FE3A6}"
EndProject
Project("{FAE04EC0-301F-11D3-BF4B-00C04F79EFBC}") = "Vaja 5 krizci krozci", "Tabele\Vaja 5 krizci krozci\Vaja 5 krizci krozci.csproj", "{5113BF01-CC18-4A3C-8B14-5C5C51F695F1}"
EndProject
Project("{2150E333-8FDC-42A3-9474-1A3956D46DE8}") = "Zanke", "Zanke", "{FE833334-AFB9-45EE-8BEA-112AF32D65D6}"
EndProject
Project("{FAE04EC0-301F-11D3-BF4B-00C04F79EFBC}") = "Vaja 1 (while)", "Zanke\Vaja 1 (while)\Vaja 1 (while).csproj", "{47C229E8-1897-4996-99CC-51ACC473D51D}"
EndProject
Project("{FAE04EC0-301F-11D3-BF4B-00C04F79EFBC}") = "Vaja 2 (while)", "Zanke\Vaja 2 (while)\Vaja 2 (while).csproj", "{7502A861-966E-4187-B7DD-C3BC64BE36AF}"
EndProject
Project("{FAE04EC0-301F-11D3-BF4B-00C04F79EFBC}") = "Vaja 3 (for)", "Zanke\Vaja 3 (for)\Vaja 3 (for).csproj", "{8362FF02-9248-415E-8BAD-19C994437A18}"
EndProject
Project("{FAE04EC0-301F-11D3-BF4B-00C04F79EFBC}") = "Vaja 4 (zanka v zanki)", "Zanke\Vaja 4 (zanka v zanki)\Vaja 4 (zanka v zanki).csproj", "{ACCC9A3B-173A-4ACC-BEEE-D63244C34EB4}"
EndProject
Project("{2150E333-8FDC-42A3-9474-1A3956D46DE8}") = "Napredne konzole", "Napredne konzole", "{10088056-3601-4F2E-99DE-AD5968DAED32}"
EndProject
Project("{FAE04EC0-301F-11D3-BF4B-00C04F79EFBC}") = "Vaja 1 Kalkulator", "Napredne konzole\Vaja 1 Kalkulator\Vaja 1 Kalkulator.csproj", "{E9EDA0D7-7E49-412F-B5A1-7B594FC82B00}"
EndProject
Project("{FAE04EC0-301F-11D3-BF4B-00C04F79EFBC}") = "Vaja1", "Vaja1\Vaja1.csproj", "{1E88C505-36CB-4D3B-9AE1-A86BFA39B06D}"
EndProject
Project("{2150E333-8FDC-42A3-9474-1A3956D46DE8}") = "Objekt", "Objekt", "{39FD764A-D9AA-4FDC-A854-BBE95036E387}"
EndProject
Project("{FAE04EC0-301F-11D3-BF4B-00C04F79EFBC}") = "Vaja1", "Objekt\Vaja1\Vaja1.csproj", "{EC153514-FC03-4221-9842-EC8FA1A29F43}"
EndProject
Project("{FAE04EC0-301F-11D3-BF4B-00C04F79EFBC}") = "Vaja2 Clan", "Objekt\Vaja2 Clan\Vaja2 Clan.csproj", "{A35E11F2-D146-4E00-85E5-94128B4D7186}"
EndProject
Project("{FAE04EC0-301F-11D3-BF4B-00C04F79EFBC}") = "Vaja3 Nepremicnina", "Objekt\Vaja3 Nepremicnina\Vaja3 Nepremicnina.csproj", "{62E75E75-C369-4078-A051-496B14133D55}"
EndProject
Project("{FAE04EC0-301F-11D3-BF4B-00C04F79EFBC}") = "Vaja4 Trikotnik", "Objekt\Vaja4 Trikotnik\Vaja4 Trikotnik.csproj", "{C88C63FB-E754-4D54-89C6-BAAD63F6EC9E}"
EndProject
Global
	GlobalSection(SolutionConfigurationPlatforms) = preSolution
		Debug|Any CPU = Debug|Any CPU
		Release|Any CPU = Release|Any CPU
	EndGlobalSection
	GlobalSection(SolutionProperties) = preSolution
		HideSolutionNode = FALSE
	EndGlobalSection
	GlobalSection(ProjectConfigurationPlatforms) = postSolution
		{CAAFCF86-718B-4D5E-82A8-8A7ECFF30C23}.Debug|Any CPU.ActiveCfg = Debug|Any CPU
		{CAAFCF86-718B-4D5E-82A8-8A7ECFF30C23}.Debug|Any CPU.Build.0 = Debug|Any CPU
		{CAAFCF86-718B-4D5E-82A8-8A7ECFF30C23}.Release|Any CPU.ActiveCfg = Release|Any CPU
		{CAAFCF86-718B-4D5E-82A8-8A7ECFF30C23}.Release|Any CPU.Build.0 = Release|Any CPU
		{980FD85B-D9C5-4E3C-9E4F-E55D6F471228}.Debug|Any CPU.ActiveCfg = Debug|Any CPU
		{980FD85B-D9C5-4E3C-9E4F-E55D6F471228}.Debug|Any CPU.Build.0 = Debug|Any CPU
		{980FD85B-D9C5-4E3C-9E4F-E55D6F471228}.Release|Any CPU.ActiveCfg = Release|Any CPU
		{980FD85B-D9C5-4E3C-9E4F-E55D6F471228}.Release|Any CPU.Build.0 = Release|Any CPU
		{06673108-129C-4293-87E2-CA60A70977D6}.Debug|Any CPU.ActiveCfg = Debug|Any CPU
		{06673108-129C-4293-87E2-CA60A70977D6}.Debug|Any CPU.Build.0 = Debug|Any CPU
		{06673108-129C-4293-87E2-CA60A70977D6}.Release|Any CPU.ActiveCfg = Release|Any CPU
		{06673108-129C-4293-87E2-CA60A70977D6}.Release|Any CPU.Build.0 = Release|Any CPU
		{3EEDFACC-DED1-4C4D-8DF7-EEA2AF8205A4}.Debug|Any CPU.ActiveCfg = Debug|Any CPU
		{3EEDFACC-DED1-4C4D-8DF7-EEA2AF8205A4}.Debug|Any CPU.Build.0 = Debug|Any CPU
		{3EEDFACC-DED1-4C4D-8DF7-EEA2AF8205A4}.Release|Any CPU.ActiveCfg = Release|Any CPU
		{3EEDFACC-DED1-4C4D-8DF7-EEA2AF8205A4}.Release|Any CPU.Build.0 = Release|Any CPU
		{B117EC40-0A38-4810-A86C-759343BA2C2C}.Debug|Any CPU.ActiveCfg = Debug|Any CPU
		{B117EC40-0A38-4810-A86C-759343BA2C2C}.Debug|Any CPU.Build.0 = Debug|Any CPU
		{B117EC40-0A38-4810-A86C-759343BA2C2C}.Release|Any CPU.ActiveCfg = Release|Any CPU
		{B117EC40-0A38-4810-A86C-759343BA2C2C}.Release|Any CPU.Build.0 = Release|Any CPU
		{48F7ECF8-F6F5-4DCA-8EFD-8F94091CAFF2}.Debug|Any CPU.ActiveCfg = Debug|Any CPU
		{48F7ECF8-F6F5-4DCA-8EFD-8F94091CAFF2}.Debug|Any CPU.Build.0 = Debug|Any CPU
		{48F7ECF8-F6F5-4DCA-8EFD-8F94091CAFF2}.Release|Any CPU.ActiveCfg = Release|Any CPU
		{48F7ECF8-F6F5-4DCA-8EFD-8F94091CAFF2}.Release|Any CPU.Build.0 = Release|Any CPU
		{F1B75513-A059-4B03-ABC7-16265659C24B}.Debug|Any CPU.ActiveCfg = Debug|Any CPU
		{F1B75513-A059-4B03-ABC7-16265659C24B}.Debug|Any CPU.Build.0 = Debug|Any CPU
		{F1B75513-A059-4B03-ABC7-16265659C24B}.Release|Any CPU.ActiveCfg = Release|Any CPU
		{F1B75513-A059-4B03-ABC7-16265659C24B}.Release|Any CPU.Build.0 = Release|Any CPU
		{95477EB7-ADA3-410A-BB70-63FEB80821B5}.Debug|Any CPU.ActiveCfg = Debug|Any CPU
		{95477EB7-ADA3-410A-BB70-63FEB80821B5}.Debug|Any CPU.Build.0 = Debug|Any CPU
		{95477EB7-ADA3-410A-BB70-63FEB80821B5}.Release|Any CPU.ActiveCfg = Release|Any CPU
		{95477EB7-ADA3-410A-BB70-63FEB80821B5}.Release|Any CPU.Build.0 = Release|Any CPU
		{D46E6507-6531-470E-9094-6357267B46EB}.Debug|Any CPU.ActiveCfg = Debug|Any CPU
		{D46E6507-6531-470E-9094-6357267B46EB}.Debug|Any CPU.Build.0 = Debug|Any CPU
		{D46E6507-6531-470E-9094-6357267B46EB}.Release|Any CPU.ActiveCfg = Release|Any CPU
		{D46E6507-6531-470E-9094-6357267B46EB}.Release|Any CPU.Build.0 = Release|Any CPU
		{2D4D8633-B6D2-4E05-B5B6-44311CE6074F}.Debug|Any CPU.ActiveCfg = Debug|Any CPU
		{2D4D8633-B6D2-4E05-B5B6-44311CE6074F}.Debug|Any CPU.Build.0 = Debug|Any CPU
		{2D4D8633-B6D2-4E05-B5B6-44311CE6074F}.Release|Any CPU.ActiveCfg = Release|Any CPU
		{2D4D8633-B6D2-4E05-B5B6-44311CE6074F}.Release|Any CPU.Build.0 = Release|Any CPU
		{0FF287C2-14B9-455E-8848-907030665D49}.Debug|Any CPU.ActiveCfg = Debug|Any CPU
		{0FF287C2-14B9-455E-8848-907030665D49}.Debug|Any CPU.Build.0 = Debug|Any CPU
		{0FF287C2-14B9-455E-8848-907030665D49}.Release|Any CPU.ActiveCfg = Release|Any CPU
		{0FF287C2-14B9-455E-8848-907030665D49}.Release|Any CPU.Build.0 = Release|Any CPU
		{75E77160-AF9A-41E1-829E-659343DD25BD}.Debug|Any CPU.ActiveCfg = Debug|Any CPU
		{75E77160-AF9A-41E1-829E-659343DD25BD}.Debug|Any CPU.Build.0 = Debug|Any CPU
		{75E77160-AF9A-41E1-829E-659343DD25BD}.Release|Any CPU.ActiveCfg = Release|Any CPU
		{75E77160-AF9A-41E1-829E-659343DD25BD}.Release|Any CPU.Build.0 = Release|Any CPU
		{E38BCF51-21AA-4B8F-B106-39C6521B99EF}.Debug|Any CPU.ActiveCfg = Debug|Any CPU
		{E38BCF51-21AA-4B8F-B106-39C6521B99EF}.Debug|Any CPU.Build.0 = Debug|Any CPU
		{E38BCF51-21AA-4B8F-B106-39C6521B99EF}.Release|Any CPU.ActiveCfg = Release|Any CPU
		{E38BCF51-21AA-4B8F-B106-39C6521B99EF}.Release|Any CPU.Build.0 = Release|Any CPU
		{CDC850C1-7460-43AE-BEF6-F87CBFFBE0CC}.Debug|Any CPU.ActiveCfg = Debug|Any CPU
		{CDC850C1-7460-43AE-BEF6-F87CBFFBE0CC}.Debug|Any CPU.Build.0 = Debug|Any CPU
		{CDC850C1-7460-43AE-BEF6-F87CBFFBE0CC}.Release|Any CPU.ActiveCfg = Release|Any CPU
		{CDC850C1-7460-43AE-BEF6-F87CBFFBE0CC}.Release|Any CPU.Build.0 = Release|Any CPU
		{535E51E4-28B1-4FBE-BA89-D1E95B0FE3A6}.Debug|Any CPU.ActiveCfg = Debug|Any CPU
		{535E51E4-28B1-4FBE-BA89-D1E95B0FE3A6}.Debug|Any CPU.Build.0 = Debug|Any CPU
		{535E51E4-28B1-4FBE-BA89-D1E95B0FE3A6}.Release|Any CPU.ActiveCfg = Release|Any CPU
		{535E51E4-28B1-4FBE-BA89-D1E95B0FE3A6}.Release|Any CPU.Build.0 = Release|Any CPU
		{5113BF01-CC18-4A3C-8B14-5C5C51F695F1}.Debug|Any CPU.ActiveCfg = Debug|Any CPU
		{5113BF01-CC18-4A3C-8B14-5C5C51F695F1}.Debug|Any CPU.Build.0 = Debug|Any CPU
		{5113BF01-CC18-4A3C-8B14-5C5C51F695F1}.Release|Any CPU.ActiveCfg = Release|Any CPU
		{5113BF01-CC18-4A3C-8B14-5C5C51F695F1}.Release|Any CPU.Build.0 = Release|Any CPU
		{47C229E8-1897-4996-99CC-51ACC473D51D}.Debug|Any CPU.ActiveCfg = Debug|Any CPU
		{47C229E8-1897-4996-99CC-51ACC473D51D}.Debug|Any CPU.Build.0 = Debug|Any CPU
		{47C229E8-1897-4996-99CC-51ACC473D51D}.Release|Any CPU.ActiveCfg = Release|Any CPU
		{47C229E8-1897-4996-99CC-51ACC473D51D}.Release|Any CPU.Build.0 = Release|Any CPU
		{7502A861-966E-4187-B7DD-C3BC64BE36AF}.Debug|Any CPU.ActiveCfg = Debug|Any CPU
		{7502A861-966E-4187-B7DD-C3BC64BE36AF}.Debug|Any CPU.Build.0 = Debug|Any CPU
		{7502A861-966E-4187-B7DD-C3BC64BE36AF}.Release|Any CPU.ActiveCfg = Release|Any CPU
		{7502A861-966E-4187-B7DD-C3BC64BE36AF}.Release|Any CPU.Build.0 = Release|Any CPU
		{8362FF02-9248-415E-8BAD-19C994437A18}.Debug|Any CPU.ActiveCfg = Debug|Any CPU
		{8362FF02-9248-415E-8BAD-19C994437A18}.Debug|Any CPU.Build.0 = Debug|Any CPU
		{8362FF02-9248-415E-8BAD-19C994437A18}.Release|Any CPU.ActiveCfg = Release|Any CPU
		{8362FF02-9248-415E-8BAD-19C994437A18}.Release|Any CPU.Build.0 = Release|Any CPU
		{ACCC9A3B-173A-4ACC-BEEE-D63244C34EB4}.Debug|Any CPU.ActiveCfg = Debug|Any CPU
		{ACCC9A3B-173A-4ACC-BEEE-D63244C34EB4}.Debug|Any CPU.Build.0 = Debug|Any CPU
		{ACCC9A3B-173A-4ACC-BEEE-D63244C34EB4}.Release|Any CPU.ActiveCfg = Release|Any CPU
		{ACCC9A3B-173A-4ACC-BEEE-D63244C34EB4}.Release|Any CPU.Build.0 = Release|Any CPU
		{E9EDA0D7-7E49-412F-B5A1-7B594FC82B00}.Debug|Any CPU.ActiveCfg = Debug|Any CPU
		{E9EDA0D7-7E49-412F-B5A1-7B594FC82B00}.Debug|Any CPU.Build.0 = Debug|Any CPU
		{E9EDA0D7-7E49-412F-B5A1-7B594FC82B00}.Release|Any CPU.ActiveCfg = Release|Any CPU
		{E9EDA0D7-7E49-412F-B5A1-7B594FC82B00}.Release|Any CPU.Build.0 = Release|Any CPU
		{1E88C505-36CB-4D3B-9AE1-A86BFA39B06D}.Debug|Any CPU.ActiveCfg = Debug|Any CPU
		{1E88C505-36CB-4D3B-9AE1-A86BFA39B06D}.Debug|Any CPU.Build.0 = Debug|Any CPU
		{1E88C505-36CB-4D3B-9AE1-A86BFA39B06D}.Release|Any CPU.ActiveCfg = Release|Any CPU
		{1E88C505-36CB-4D3B-9AE1-A86BFA39B06D}.Release|Any CPU.Build.0 = Release|Any CPU
		{EC153514-FC03-4221-9842-EC8FA1A29F43}.Debug|Any CPU.ActiveCfg = Debug|Any CPU
		{EC153514-FC03-4221-9842-EC8FA1A29F43}.Debug|Any CPU.Build.0 = Debug|Any CPU
		{EC153514-FC03-4221-9842-EC8FA1A29F43}.Release|Any CPU.ActiveCfg = Release|Any CPU
		{EC153514-FC03-4221-9842-EC8FA1A29F43}.Release|Any CPU.Build.0 = Release|Any CPU
		{A35E11F2-D146-4E00-85E5-94128B4D7186}.Debug|Any CPU.ActiveCfg = Debug|Any CPU
		{A35E11F2-D146-4E00-85E5-94128B4D7186}.Debug|Any CPU.Build.0 = Debug|Any CPU
		{A35E11F2-D146-4E00-85E5-94128B4D7186}.Release|Any CPU.ActiveCfg = Release|Any CPU
		{A35E11F2-D146-4E00-85E5-94128B4D7186}.Release|Any CPU.Build.0 = Release|Any CPU
		{62E75E75-C369-4078-A051-496B14133D55}.Debug|Any CPU.ActiveCfg = Debug|Any CPU
		{62E75E75-C369-4078-A051-496B14133D55}.Debug|Any CPU.Build.0 = Debug|Any CPU
		{62E75E75-C369-4078-A051-496B14133D55}.Release|Any CPU.ActiveCfg = Release|Any CPU
		{62E75E75-C369-4078-A051-496B14133D55}.Release|Any CPU.Build.0 = Release|Any CPU
		{C88C63FB-E754-4D54-89C6-BAAD63F6EC9E}.Debug|Any CPU.ActiveCfg = Debug|Any CPU
		{C88C63FB-E754-4D54-89C6-BAAD63F6EC9E}.Debug|Any CPU.Build.0 = Debug|Any CPU
		{C88C63FB-E754-4D54-89C6-BAAD63F6EC9E}.Release|Any CPU.ActiveCfg = Release|Any CPU
		{C88C63FB-E754-4D54-89C6-BAAD63F6EC9E}.Release|Any CPU.Build.0 = Release|Any CPU
	EndGlobalSection
	GlobalSection(NestedProjects) = preSolution
		{CAAFCF86-718B-4D5E-82A8-8A7ECFF30C23} = {27FFC95A-B59C-485C-BEF9-E1C5D0B7B09B}
		{980FD85B-D9C5-4E3C-9E4F-E55D6F471228} = {27FFC95A-B59C-485C-BEF9-E1C5D0B7B09B}
		{06673108-129C-4293-87E2-CA60A70977D6} = {27FFC95A-B59C-485C-BEF9-E1C5D0B7B09B}
		{3EEDFACC-DED1-4C4D-8DF7-EEA2AF8205A4} = {27FFC95A-B59C-485C-BEF9-E1C5D0B7B09B}
		{B117EC40-0A38-4810-A86C-759343BA2C2C} = {27FFC95A-B59C-485C-BEF9-E1C5D0B7B09B}
		{48F7ECF8-F6F5-4DCA-8EFD-8F94091CAFF2} = {F4B19929-6649-4818-84E8-65B8B714BD91}
		{F1B75513-A059-4B03-ABC7-16265659C24B} = {F4B19929-6649-4818-84E8-65B8B714BD91}
		{95477EB7-ADA3-410A-BB70-63FEB80821B5} = {D6FD3E7D-5E56-41B1-B796-3FF44402001C}
		{D46E6507-6531-470E-9094-6357267B46EB} = {D6FD3E7D-5E56-41B1-B796-3FF44402001C}
		{2D4D8633-B6D2-4E05-B5B6-44311CE6074F} = {D6FD3E7D-5E56-41B1-B796-3FF44402001C}
		{0FF287C2-14B9-455E-8848-907030665D49} = {D6FD3E7D-5E56-41B1-B796-3FF44402001C}
		{75E77160-AF9A-41E1-829E-659343DD25BD} = {2F219AE7-9E6D-478E-B3B3-1CA9823176FC}
		{E38BCF51-21AA-4B8F-B106-39C6521B99EF} = {2F219AE7-9E6D-478E-B3B3-1CA9823176FC}
		{CDC850C1-7460-43AE-BEF6-F87CBFFBE0CC} = {2F219AE7-9E6D-478E-B3B3-1CA9823176FC}
		{535E51E4-28B1-4FBE-BA89-D1E95B0FE3A6} = {2F219AE7-9E6D-478E-B3B3-1CA9823176FC}
		{5113BF01-CC18-4A3C-8B14-5C5C51F695F1} = {2F219AE7-9E6D-478E-B3B3-1CA9823176FC}
		{47C229E8-1897-4996-99CC-51ACC473D51D} = {FE833334-AFB9-45EE-8BEA-112AF32D65D6}
		{7502A861-966E-4187-B7DD-C3BC64BE36AF} = {FE833334-AFB9-45EE-8BEA-112AF32D65D6}
		{8362FF02-9248-415E-8BAD-19C994437A18} = {FE833334-AFB9-45EE-8BEA-112AF32D65D6}
		{ACCC9A3B-173A-4ACC-BEEE-D63244C34EB4} = {FE833334-AFB9-45EE-8BEA-112AF32D65D6}
		{E9EDA0D7-7E49-412F-B5A1-7B594FC82B00} = {10088056-3601-4F2E-99DE-AD5968DAED32}
		{EC153514-FC03-4221-9842-EC8FA1A29F43} = {39FD764A-D9AA-4FDC-A854-BBE95036E387}
		{A35E11F2-D146-4E00-85E5-94128B4D7186} = {39FD764A-D9AA-4FDC-A854-BBE95036E387}
		{62E75E75-C369-4078-A051-496B14133D55} = {39FD764A-D9AA-4FDC-A854-BBE95036E387}
		{C88C63FB-E754-4D54-89C6-BAAD63F6EC9E} = {39FD764A-D9AA-4FDC-A854-BBE95036E387}
	EndGlobalSection
EndGlobal
