
Microsoft Visual Studio Solution File, Format Version 12.00
# Visual Studio Version 16
VisualStudioVersion = 16.0.30114.105
MinimumVisualStudioVersion = 10.0.40219.1
Project("{FAE04EC0-301F-11D3-BF4B-00C04F79EFBC}") = "Vaja1", "Vaja1\Vaja1.csproj", "{3D21B4A9-0F16-460F-BA40-89BF8340681C}"
EndProject
Project("{FAE04EC0-301F-11D3-BF4B-00C04F79EFBC}") = "Vaja2", "Vaja2\Vaja2.csproj", "{F216E19C-DCC0-4EE6-BEBA-7915FE687FBA}"
EndProject
Global
	GlobalSection(SolutionConfigurationPlatforms) = preSolution
		Debug|Any CPU = Debug|Any CPU
		Release|Any CPU = Release|Any CPU
	EndGlobalSection
	GlobalSection(SolutionProperties) = preSolution
		HideSolutionNode = FALSE
	EndGlobalSection
	GlobalSection(ProjectConfigurationPlatforms) = postSolution
		{3D21B4A9-0F16-460F-BA40-89BF8340681C}.Debug|Any CPU.ActiveCfg = Debug|Any CPU
		{3D21B4A9-0F16-460F-BA40-89BF8340681C}.Debug|Any CPU.Build.0 = Debug|Any CPU
		{3D21B4A9-0F16-460F-BA40-89BF8340681C}.Release|Any CPU.ActiveCfg = Release|Any CPU
		{3D21B4A9-0F16-460F-BA40-89BF8340681C}.Release|Any CPU.Build.0 = Release|Any CPU
		{F216E19C-DCC0-4EE6-BEBA-7915FE687FBA}.Debug|Any CPU.ActiveCfg = Debug|Any CPU
		{F216E19C-DCC0-4EE6-BEBA-7915FE687FBA}.Debug|Any CPU.Build.0 = Debug|Any CPU
		{F216E19C-DCC0-4EE6-BEBA-7915FE687FBA}.Release|Any CPU.ActiveCfg = Release|Any CPU
		{F216E19C-DCC0-4EE6-BEBA-7915FE687FBA}.Release|Any CPU.Build.0 = Release|Any CPU
	EndGlobalSection
EndGlobal
